<Solution>
  <Folder Name="/benchmarks/">
    <Project Path="../benchmark/MyStuff.Benchmarks/MyStuff.Benchmarks.csproj" />
  </Folder>
  <Folder Name="/src/">
    <Project Path="MyStuff.MyCode/MyStuff.MyClasses.csproj" />
  </Folder>
  <Folder Name="/tests/">
    <Project Path="../test/MyStuff.MyCode.Tests/MyStuff.MyClasses.Tests.csproj" />
  </Folder>
</Solution>
